// !$*UTF8*$!
{
	archiveVersion = 1;
	classes = {
	};
	objectVersion = 46;
	objects = {

/* Begin PBXBuildFile section */
		4E5D1EAF1EFB5D7B00C14F22 /* pokemon.csv in Resources */ = {isa = PBXBuildFile; fileRef = 4E5D1EAE1EFB5D7B00C14F22 /* pokemon.csv */; };
		4E6E3C2C1EFA5D1500BC527A /* AppDelegate.swift in Sources */ = {isa = PBXBuildFile; fileRef = 4E6E3C2B1EFA5D1500BC527A /* AppDelegate.swift */; };
		4E6E3C2E1EFA5D1500BC527A /* ViewController.swift in Sources */ = {isa = PBXBuildFile; fileRef = 4E6E3C2D1EFA5D1500BC527A /* ViewController.swift */; };
		4E6E3C311EFA5D1500BC527A /* Main.storyboard in Resources */ = {isa = PBXBuildFile; fileRef = 4E6E3C2F1EFA5D1500BC527A /* Main.storyboard */; };
		4E6E3C331EFA5D1500BC527A /* Assets.xcassets in Resources */ = {isa = PBXBuildFile; fileRef = 4E6E3C321EFA5D1500BC527A /* Assets.xcassets */; };
		4E6E3C361EFA5D1500BC527A /* LaunchScreen.storyboard in Resources */ = {isa = PBXBuildFile; fileRef = 4E6E3C341EFA5D1500BC527A /* LaunchScreen.storyboard */; };
		4E6E3C411EFA5D1500BC527A /* pokedexTests.swift in Sources */ = {isa = PBXBuildFile; fileRef = 4E6E3C401EFA5D1500BC527A /* pokedexTests.swift */; };
		4E6E3C4C1EFA5D1500BC527A /* pokedexUITests.swift in Sources */ = {isa = PBXBuildFile; fileRef = 4E6E3C4B1EFA5D1500BC527A /* pokedexUITests.swift */; };
/* End PBXBuildFile section */

/* Begin PBXContainerItemProxy section */
		4E6E3C3D1EFA5D1500BC527A /* PBXContainerItemProxy */ = {
			isa = PBXContainerItemProxy;
			containerPortal = 4E6E3C201EFA5D1400BC527A /* Project object */;
			proxyType = 1;
			remoteGlobalIDString = 4E6E3C271EFA5D1500BC527A;
			remoteInfo = pokedex;
		};
		4E6E3C481EFA5D1500BC527A /* PBXContainerItemProxy */ = {
			isa = PBXContainerItemProxy;
			containerPortal = 4E6E3C201EFA5D1400BC527A /* Project object */;
			proxyType = 1;
			remoteGlobalIDString = 4E6E3C271EFA5D1500BC527A;
			remoteInfo = pokedex;
		};
/* End PBXContainerItemProxy section */

/* Begin PBXFileReference section */
		4E5D1EAE1EFB5D7B00C14F22 /* pokemon.csv */ = {isa = PBXFileReference; fileEncoding = 4; lastKnownFileType = text; path = pokemon.csv; sourceTree = "<group>"; };
		4E6E3C281EFA5D1500BC527A /* pokedex.app */ = {isa = PBXFileReference; explicitFileType = wrapper.application; includeInIndex = 0; path = pokedex.app; sourceTree = BUILT_PRODUCTS_DIR; };
		4E6E3C2B1EFA5D1500BC527A /* AppDelegate.swift */ = {isa = PBXFileReference; lastKnownFileType = sourcecode.swift; path = AppDelegate.swift; sourceTree = "<group>"; };
		4E6E3C2D1EFA5D1500BC527A /* ViewController.swift */ = {isa = PBXFileReference; lastKnownFileType = sourcecode.swift; path = ViewController.swift; sourceTree = "<group>"; };
		4E6E3C301EFA5D1500BC527A /* Base */ = {isa = PBXFileReference; lastKnownFileType = file.storyboard; name = Base; path = Base.lproj/Main.storyboard; sourceTree = "<group>"; };
		4E6E3C321EFA5D1500BC527A /* Assets.xcassets */ = {isa = PBXFileReference; lastKnownFileType = folder.assetcatalog; path = Assets.xcassets; sourceTree = "<group>"; };
		4E6E3C351EFA5D1500BC527A /* Base */ = {isa = PBXFileReference; lastKnownFileType = file.storyboard; name = Base; path = Base.lproj/LaunchScreen.storyboard; sourceTree = "<group>"; };
		4E6E3C371EFA5D1500BC527A /* Info.plist */ = {isa = PBXFileReference; lastKnownFileType = text.plist.xml; path = Info.plist; sourceTree = "<group>"; };
		4E6E3C3C1EFA5D1500BC527A /* pokedexTests.xctest */ = {isa = PBXFileReference; explicitFileType = wrapper.cfbundle; includeInIndex = 0; path = pokedexTests.xctest; sourceTree = BUILT_PRODUCTS_DIR; };
		4E6E3C401EFA5D1500BC527A /* pokedexTests.swift */ = {isa = PBXFileReference; lastKnownFileType = sourcecode.swift; path = pokedexTests.swift; sourceTree = "<group>"; };
		4E6E3C421EFA5D1500BC527A /* Info.plist */ = {isa = PBXFileReference; lastKnownFileType = text.plist.xml; path = Info.plist; sourceTree = "<group>"; };
		4E6E3C471EFA5D1500BC527A /* pokedexUITests.xctest */ = {isa = PBXFileReference; explicitFileType = wrapper.cfbundle; includeInIndex = 0; path = pokedexUITests.xctest; sourceTree = BUILT_PRODUCTS_DIR; };
		4E6E3C4B1EFA5D1500BC527A /* pokedexUITests.swift */ = {isa = PBXFileReference; lastKnownFileType = sourcecode.swift; path = pokedexUITests.swift; sourceTree = "<group>"; };
		4E6E3C4D1EFA5D1500BC527A /* Info.plist */ = {isa = PBXFileReference; lastKnownFileType = text.plist.xml; path = Info.plist; sourceTree = "<group>"; };
/* End PBXFileReference section */

/* Begin PBXFrameworksBuildPhase section */
		4E6E3C251EFA5D1500BC527A /* Frameworks */ = {
			isa = PBXFrameworksBuildPhase;
			buildActionMask = 2147483647;
			files = (
			);
			runOnlyForDeploymentPostprocessing = 0;
		};
		4E6E3C391EFA5D1500BC527A /* Frameworks */ = {
			isa = PBXFrameworksBuildPhase;
			buildActionMask = 2147483647;
			files = (
			);
			runOnlyForDeploymentPostprocessing = 0;
		};
		4E6E3C441EFA5D1500BC527A /* Frameworks */ = {
			isa = PBXFrameworksBuildPhase;
			buildActionMask = 2147483647;
			files = (
			);
			runOnlyForDeploymentPostprocessing = 0;
		};
/* End PBXFrameworksBuildPhase section */

/* Begin PBXGroup section */
		4E6E3C1F1EFA5D1400BC527A = {
			isa = PBXGroup;
			children = (
				4E6E3C2A1EFA5D1500BC527A /* pokedex */,
				4E6E3C3F1EFA5D1500BC527A /* pokedexTests */,
				4E6E3C4A1EFA5D1500BC527A /* pokedexUITests */,
				4E6E3C291EFA5D1500BC527A /* Products */,
			);
			sourceTree = "<group>";
		};
		4E6E3C291EFA5D1500BC527A /* Products */ = {
			isa = PBXGroup;
			children = (
				4E6E3C281EFA5D1500BC527A /* pokedex.app */,
				4E6E3C3C1EFA5D1500BC527A /* pokedexTests.xctest */,
				4E6E3C471EFA5D1500BC527A /* pokedexUITests.xctest */,
			);
			name = Products;
			sourceTree = "<group>";
		};
		4E6E3C2A1EFA5D1500BC527A /* pokedex */ = {
			isa = PBXGroup;
			children = (
				4E6E3C2B1EFA5D1500BC527A /* AppDelegate.swift */,
				4E6E3C2D1EFA5D1500BC527A /* ViewController.swift */,
				4E6E3C2F1EFA5D1500BC527A /* Main.storyboard */,
				4E6E3C321EFA5D1500BC527A /* Assets.xcassets */,
				4E5D1EAE1EFB5D7B00C14F22 /* pokemon.csv */,
				4E6E3C341EFA5D1500BC527A /* LaunchScreen.storyboard */,
				4E6E3C371EFA5D1500BC527A /* Info.plist */,
			);
			path = pokedex;
			sourceTree = "<group>";
		};
		4E6E3C3F1EFA5D1500BC527A /* pokedexTests */ = {
			isa = PBXGroup;
			children = (
				4E6E3C401EFA5D1500BC527A /* pokedexTests.swift */,
				4E6E3C421EFA5D1500BC527A /* Info.plist */,
			);
			path = pokedexTests;
			sourceTree = "<group>";
		};
		4E6E3C4A1EFA5D1500BC527A /* pokedexUITests */ = {
			isa = PBXGroup;
			children = (
				4E6E3C4B1EFA5D1500BC527A /* pokedexUITests.swift */,
				4E6E3C4D1EFA5D1500BC527A /* Info.plist */,
			);
			path = pokedexUITests;
			sourceTree = "<group>";
		};
/* End PBXGroup section */

/* Begin PBXNativeTarget section */
		4E6E3C271EFA5D1500BC527A /* pokedex */ = {
			isa = PBXNativeTarget;
			buildConfigurationList = 4E6E3C501EFA5D1500BC527A /* Build configuration list for PBXNativeTarget "pokedex" */;
			buildPhases = (
				4E6E3C241EFA5D1500BC527A /* Sources */,
				4E6E3C251EFA5D1500BC527A /* Frameworks */,
				4E6E3C261EFA5D1500BC527A /* Resources */,
			);
			buildRules = (
			);
			dependencies = (
			);
			name = pokedex;
			productName = pokedex;
			productReference = 4E6E3C281EFA5D1500BC527A /* pokedex.app */;
			productType = "com.apple.product-type.application";
		};
		4E6E3C3B1EFA5D1500BC527A /* pokedexTests */ = {
			isa = PBXNativeTarget;
			buildConfigurationList = 4E6E3C531EFA5D1500BC527A /* Build configuration list for PBXNativeTarget "pokedexTests" */;
			buildPhases = (
				4E6E3C381EFA5D1500BC527A /* Sources */,
				4E6E3C391EFA5D1500BC527A /* Frameworks */,
				4E6E3C3A1EFA5D1500BC527A /* Resources */,
			);
			buildRules = (
			);
			dependencies = (
				4E6E3C3E1EFA5D1500BC527A /* PBXTargetDependency */,
			);
			name = pokedexTests;
			productName = pokedexTests;
			productReference = 4E6E3C3C1EFA5D1500BC527A /* pokedexTests.xctest */;
			productType = "com.apple.product-type.bundle.unit-test";
		};
		4E6E3C461EFA5D1500BC527A /* pokedexUITests */ = {
			isa = PBXNativeTarget;
			buildConfigurationList = 4E6E3C561EFA5D1500BC527A /* Build configuration list for PBXNativeTarget "pokedexUITests" */;
			buildPhases = (
				4E6E3C431EFA5D1500BC527A /* Sources */,
				4E6E3C441EFA5D1500BC527A /* Frameworks */,
				4E6E3C451EFA5D1500BC527A /* Resources */,
			);
			buildRules = (
			);
			dependencies = (
				4E6E3C491EFA5D1500BC527A /* PBXTargetDependency */,
			);
			name = pokedexUITests;
			productName = pokedexUITests;
			productReference = 4E6E3C471EFA5D1500BC527A /* pokedexUITests.xctest */;
			productType = "com.apple.product-type.bundle.ui-testing";
		};
/* End PBXNativeTarget section */

/* Begin PBXProject section */
		4E6E3C201EFA5D1400BC527A /* Project object */ = {
			isa = PBXProject;
			attributes = {
				LastSwiftUpdateCheck = 0830;
				LastUpgradeCheck = 0830;
				ORGANIZATIONNAME = thanhtinh;
				TargetAttributes = {
					4E6E3C271EFA5D1500BC527A = {
						CreatedOnToolsVersion = 8.3.3;
						ProvisioningStyle = Automatic;
					};
					4E6E3C3B1EFA5D1500BC527A = {
						CreatedOnToolsVersion = 8.3.3;
						ProvisioningStyle = Automatic;
						TestTargetID = 4E6E3C271EFA5D1500BC527A;
					};
					4E6E3C461EFA5D1500BC527A = {
						CreatedOnToolsVersion = 8.3.3;
						ProvisioningStyle = Automatic;
						TestTargetID = 4E6E3C271EFA5D1500BC527A;
					};
				};
			};
			buildConfigurationList = 4E6E3C231EFA5D1400BC527A /* Build configuration list for PBXProject "pokedex" */;
			compatibilityVersion = "Xcode 3.2";
			developmentRegion = English;
			hasScannedForEncodings = 0;
			knownRegions = (
				en,
				Base,
			);
			mainGroup = 4E6E3C1F1EFA5D1400BC527A;
			productRefGroup = 4E6E3C291EFA5D1500BC527A /* Products */;
			projectDirPath = "";
			projectRoot = "";
			targets = (
				4E6E3C271EFA5D1500BC527A /* pokedex */,
				4E6E3C3B1EFA5D1500BC527A /* pokedexTests */,
				4E6E3C461EFA5D1500BC527A /* pokedexUITests */,
			);
		};
/* End PBXProject section */

/* Begin PBXResourcesBuildPhase section */
		4E6E3C261EFA5D1500BC527A /* Resources */ = {
			isa = PBXResourcesBuildPhase;
			buildActionMask = 2147483647;
			files = (
				4E6E3C361EFA5D1500BC527A /* LaunchScreen.storyboard in Resources */,
				4E6E3C331EFA5D1500BC527A /* Assets.xcassets in Resources */,
				4E5D1EAF1EFB5D7B00C14F22 /* pokemon.csv in Resources */,
				4E6E3C311EFA5D1500BC527A /* Main.storyboard in Resources */,
			);
			runOnlyForDeploymentPostprocessing = 0;
		};
		4E6E3C3A1EFA5D1500BC527A /* Resources */ = {
			isa = PBXResourcesBuildPhase;
			buildActionMask = 2147483647;
			files = (
			);
			runOnlyForDeploymentPostprocessing = 0;
		};
		4E6E3C451EFA5D1500BC527A /* Resources */ = {
			isa = PBXResourcesBuildPhase;
			buildActionMask = 2147483647;
			files = (
			);
			runOnlyForDeploymentPostprocessing = 0;
		};
/* End PBXResourcesBuildPhase section */

/* Begin PBXSourcesBuildPhase section */
		4E6E3C241EFA5D1500BC527A /* Sources */ = {
			isa = PBXSourcesBuildPhase;
			buildActionMask = 2147483647;
			files = (
				4E6E3C2E1EFA5D1500BC527A /* ViewController.swift in Sources */,
				4E6E3C2C1EFA5D1500BC527A /* AppDelegate.swift in Sources */,
			);
			runOnlyForDeploymentPostprocessing = 0;
		};
		4E6E3C381EFA5D1500BC527A /* Sources */ = {
			isa = PBXSourcesBuildPhase;
			buildActionMask = 2147483647;
			files = (
				4E6E3C411EFA5D1500BC527A /* pokedexTests.swift in Sources */,
			);
			runOnlyForDeploymentPostprocessing = 0;
		};
		4E6E3C431EFA5D1500BC527A /* Sources */ = {
			isa = PBXSourcesBuildPhase;
			buildActionMask = 2147483647;
			files = (
				4E6E3C4C1EFA5D1500BC527A /* pokedexUITests.swift in Sources */,
			);
			runOnlyForDeploymentPostprocessing = 0;
		};
/* End PBXSourcesBuildPhase section */

/* Begin PBXTargetDependency section */
		4E6E3C3E1EFA5D1500BC527A /* PBXTargetDependency */ = {
			isa = PBXTargetDependency;
			target = 4E6E3C271EFA5D1500BC527A /* pokedex */;
			targetProxy = 4E6E3C3D1EFA5D1500BC527A /* PBXContainerItemProxy */;
		};
		4E6E3C491EFA5D1500BC527A /* PBXTargetDependency */ = {
			isa = PBXTargetDependency;
			target = 4E6E3C271EFA5D1500BC527A /* pokedex */;
			targetProxy = 4E6E3C481EFA5D1500BC527A /* PBXContainerItemProxy */;
		};
/* End PBXTargetDependency section */

/* Begin PBXVariantGroup section */
		4E6E3C2F1EFA5D1500BC527A /* Main.storyboard */ = {
			isa = PBXVariantGroup;
			children = (
				4E6E3C301EFA5D1500BC527A /* Base */,
			);
			name = Main.storyboard;
			sourceTree = "<group>";
		};
		4E6E3C341EFA5D1500BC527A /* LaunchScreen.storyboard */ = {
			isa = PBXVariantGroup;
			children = (
				4E6E3C351EFA5D1500BC527A /* Base */,
			);
			name = LaunchScreen.storyboard;
			sourceTree = "<group>";
		};
/* End PBXVariantGroup section */

/* Begin XCBuildConfiguration section */
		4E6E3C4E1EFA5D1500BC527A /* Debug */ = {
			isa = XCBuildConfiguration;
			buildSettings = {
				ALWAYS_SEARCH_USER_PATHS = NO;
				CLANG_ANALYZER_NONNULL = YES;
				CLANG_ANALYZER_NUMBER_OBJECT_CONVERSION = YES_AGGRESSIVE;
				CLANG_CXX_LANGUAGE_STANDARD = "gnu++0x";
				CLANG_CXX_LIBRARY = "libc++";
				CLANG_ENABLE_MODULES = YES;
				CLANG_ENABLE_OBJC_ARC = YES;
				CLANG_WARN_BOOL_CONVERSION = YES;
				CLANG_WARN_CONSTANT_CONVERSION = YES;
				CLANG_WARN_DIRECT_OBJC_ISA_USAGE = YES_ERROR;
				CLANG_WARN_DOCUMENTATION_COMMENTS = YES;
				CLANG_WARN_EMPTY_BODY = YES;
				CLANG_WARN_ENUM_CONVERSION = YES;
				CLANG_WARN_INFINITE_RECURSION = YES;
				CLANG_WARN_INT_CONVERSION = YES;
				CLANG_WARN_OBJC_ROOT_CLASS = YES_ERROR;
				CLANG_WARN_SUSPICIOUS_MOVE = YES;
				CLANG_WARN_UNREACHABLE_CODE = YES;
				CLANG_WARN__DUPLICATE_METHOD_MATCH = YES;
				"CODE_SIGN_IDENTITY[sdk=iphoneos*]" = "iPhone Developer";
				COPY_PHASE_STRIP = NO;
				DEBUG_INFORMATION_FORMAT = dwarf;
				ENABLE_STRICT_OBJC_MSGSEND = YES;
				ENABLE_TESTABILITY = YES;
				GCC_C_LANGUAGE_STANDARD = gnu99;
				GCC_DYNAMIC_NO_PIC = NO;
				GCC_NO_COMMON_BLOCKS = YES;
				GCC_OPTIMIZATION_LEVEL = 0;
				GCC_PREPROCESSOR_DEFINITIONS = (
					"DEBUG=1",
					"$(inherited)",
				);
				GCC_WARN_64_TO_32_BIT_CONVERSION = YES;
				GCC_WARN_ABOUT_RETURN_TYPE = YES_ERROR;
				GCC_WARN_UNDECLARED_SELECTOR = YES;
				GCC_WARN_UNINITIALIZED_AUTOS = YES_AGGRESSIVE;
				GCC_WARN_UNUSED_FUNCTION = YES;
				GCC_WARN_UNUSED_VARIABLE = YES;
				IPHONEOS_DEPLOYMENT_TARGET = 10.3;
				MTL_ENABLE_DEBUG_INFO = YES;
				ONLY_ACTIVE_ARCH = YES;
				SDKROOT = iphoneos;
				SWIFT_ACTIVE_COMPILATION_CONDITIONS = DEBUG;
				SWIFT_OPTIMIZATION_LEVEL = "-Onone";
				TARGETED_DEVICE_FAMILY = "1,2";
			};
			name = Debug;
		};
		4E6E3C4F1EFA5D1500BC527A /* Release */ = {
			isa = XCBuildConfiguration;
			buildSettings = {
				ALWAYS_SEARCH_USER_PATHS = NO;
				CLANG_ANALYZER_NONNULL = YES;
				CLANG_ANALYZER_NUMBER_OBJECT_CONVERSION = YES_AGGRESSIVE;
				CLANG_CXX_LANGUAGE_STANDARD = "gnu++0x";
				CLANG_CXX_LIBRARY = "libc++";
				CLANG_ENABLE_MODULES = YES;
				CLANG_ENABLE_OBJC_ARC = YES;
				CLANG_WARN_BOOL_CONVERSION = YES;
				CLANG_WARN_CONSTANT_CONVERSION = YES;
				CLANG_WARN_DIRECT_OBJC_ISA_USAGE = YES_ERROR;
				CLANG_WARN_DOCUMENTATION_COMMENTS = YES;
				CLANG_WARN_EMPTY_BODY = YES;
				CLANG_WARN_ENUM_CONVERSION = YES;
				CLANG_WARN_INFINITE_RECURSION = YES;
				CLANG_WARN_INT_CONVERSION = YES;
				CLANG_WARN_OBJC_ROOT_CLASS = YES_ERROR;
				CLANG_WARN_SUSPICIOUS_MOVE = YES;
				CLANG_WARN_UNREACHABLE_CODE = YES;
				CLANG_WARN__DUPLICATE_METHOD_MATCH = YES;
				"CODE_SIGN_IDENTITY[sdk=iphoneos*]" = "iPhone Developer";
				COPY_PHASE_STRIP = NO;
				DEBUG_INFORMATION_FORMAT = "dwarf-with-dsym";
				ENABLE_NS_ASSERTIONS = NO;
				ENABLE_STRICT_OBJC_MSGSEND = YES;
				GCC_C_LANGUAGE_STANDARD = gnu99;
				GCC_NO_COMMON_BLOCKS = YES;
				GCC_WARN_64_TO_32_BIT_CONVERSION = YES;
				GCC_WARN_ABOUT_RETURN_TYPE = YES_ERROR;
				GCC_WARN_UNDECLARED_SELECTOR = YES;
				GCC_WARN_UNINITIALIZED_AUTOS = YES_AGGRESSIVE;
				GCC_WARN_UNUSED_FUNCTION = YES;
				GCC_WARN_UNUSED_VARIABLE = YES;
				IPHONEOS_DEPLOYMENT_TARGET = 10.3;
				MTL_ENABLE_DEBUG_INFO = NO;
				SDKROOT = iphoneos;
				SWIFT_OPTIMIZATION_LEVEL = "-Owholemodule";
				TARGETED_DEVICE_FAMILY = "1,2";
				VALIDATE_PRODUCT = YES;
			};
			name = Release;
		};
		4E6E3C511EFA5D1500BC527A /* Debug */ = {
			isa = XCBuildConfiguration;
			buildSettings = {
				ASSETCATALOG_COMPILER_APPICON_NAME = AppIcon;
				INFOPLIST_FILE = pokedex/Info.plist;
				LD_RUNPATH_SEARCH_PATHS = "$(inherited) @executable_path/Frameworks";
				PRODUCT_BUNDLE_IDENTIFIER = wind.pokedex;
				PRODUCT_NAME = "$(TARGET_NAME)";
				SWIFT_VERSION = 3.0;
			};
			name = Debug;
		};
		4E6E3C521EFA5D1500BC527A /* Release */ = {
			isa = XCBuildConfiguration;
			buildSettings = {
				ASSETCATALOG_COMPILER_APPICON_NAME = AppIcon;
				INFOPLIST_FILE = pokedex/Info.plist;
				LD_RUNPATH_SEARCH_PATHS = "$(inherited) @executable_path/Frameworks";
				PRODUCT_BUNDLE_IDENTIFIER = wind.pokedex;
				PRODUCT_NAME = "$(TARGET_NAME)";
				SWIFT_VERSION = 3.0;
			};
			name = Release;
		};
		4E6E3C541EFA5D1500BC527A /* Debug */ = {
			isa = XCBuildConfiguration;
			buildSettings = {
				ALWAYS_EMBED_SWIFT_STANDARD_LIBRARIES = YES;
				BUNDLE_LOADER = "$(TEST_HOST)";
				INFOPLIST_FILE = pokedexTests/Info.plist;
				LD_RUNPATH_SEARCH_PATHS = "$(inherited) @executable_path/Frameworks @loader_path/Frameworks";
				PRODUCT_BUNDLE_IDENTIFIER = wind.pokedexTests;
				PRODUCT_NAME = "$(TARGET_NAME)";
				SWIFT_VERSION = 3.0;
				TEST_HOST = "$(BUILT_PRODUCTS_DIR)/pokedex.app/pokedex";
			};
			name = Debug;
		};
		4E6E3C551EFA5D1500BC527A /* Release */ = {
			isa = XCBuildConfiguration;
			buildSettings = {
				ALWAYS_EMBED_SWIFT_STANDARD_LIBRARIES = YES;
				BUNDLE_LOADER = "$(TEST_HOST)";
				INFOPLIST_FILE = pokedexTests/Info.plist;
				LD_RUNPATH_SEARCH_PATHS = "$(inherited) @executable_path/Frameworks @loader_path/Frameworks";
				PRODUCT_BUNDLE_IDENTIFIER = wind.pokedexTests;
				PRODUCT_NAME = "$(TARGET_NAME)";
				SWIFT_VERSION = 3.0;
				TEST_HOST = "$(BUILT_PRODUCTS_DIR)/pokedex.app/pokedex";
			};
			name = Release;
		};
		4E6E3C571EFA5D1500BC527A /* Debug */ = {
			isa = XCBuildConfiguration;
			buildSettings = {
				ALWAYS_EMBED_SWIFT_STANDARD_LIBRARIES = YES;
				INFOPLIST_FILE = pokedexUITests/Info.plist;
				LD_RUNPATH_SEARCH_PATHS = "$(inherited) @executable_path/Frameworks @loader_path/Frameworks";
				PRODUCT_BUNDLE_IDENTIFIER = wind.pokedexUITests;
				PRODUCT_NAME = "$(TARGET_NAME)";
				SWIFT_VERSION = 3.0;
				TEST_TARGET_NAME = pokedex;
			};
			name = Debug;
		};
		4E6E3C581EFA5D1500BC527A /* Release */ = {
			isa = XCBuildConfiguration;
			buildSettings = {
				ALWAYS_EMBED_SWIFT_STANDARD_LIBRARIES = YES;
				INFOPLIST_FILE = pokedexUITests/Info.plist;
				LD_RUNPATH_SEARCH_PATHS = "$(inherited) @executable_path/Frameworks @loader_path/Frameworks";
				PRODUCT_BUNDLE_IDENTIFIER = wind.pokedexUITests;
				PRODUCT_NAME = "$(TARGET_NAME)";
				SWIFT_VERSION = 3.0;
				TEST_TARGET_NAME = pokedex;
			};
			name = Release;
		};
/* End XCBuildConfiguration section */

/* Begin XCConfigurationList section */
		4E6E3C231EFA5D1400BC527A /* Build configuration list for PBXProject "pokedex" */ = {
			isa = XCConfigurationList;
			buildConfigurations = (
				4E6E3C4E1EFA5D1500BC527A /* Debug */,
				4E6E3C4F1EFA5D1500BC527A /* Release */,
			);
			defaultConfigurationIsVisible = 0;
			defaultConfigurationName = Release;
		};
		4E6E3C501EFA5D1500BC527A /* Build configuration list for PBXNativeTarget "pokedex" */ = {
			isa = XCConfigurationList;
			buildConfigurations = (
				4E6E3C511EFA5D1500BC527A /* Debug */,
				4E6E3C521EFA5D1500BC527A /* Release */,
			);
			defaultConfigurationIsVisible = 0;
			defaultConfigurationName = Release;
		};
		4E6E3C531EFA5D1500BC527A /* Build configuration list for PBXNativeTarget "pokedexTests" */ = {
			isa = XCConfigurationList;
			buildConfigurations = (
				4E6E3C541EFA5D1500BC527A /* Debug */,
				4E6E3C551EFA5D1500BC527A /* Release */,
			);
			defaultConfigurationIsVisible = 0;
			defaultConfigurationName = Release;
		};
		4E6E3C561EFA5D1500BC527A /* Build configuration list for PBXNativeTarget "pokedexUITests" */ = {
			isa = XCConfigurationList;
			buildConfigurations = (
				4E6E3C571EFA5D1500BC527A /* Debug */,
				4E6E3C581EFA5D1500BC527A /* Release */,
			);
			defaultConfigurationIsVisible = 0;
			defaultConfigurationName = Release;
		};
/* End XCConfigurationList section */
	};
	rootObject = 4E6E3C201EFA5D1400BC527A /* Project object */;
}
